
Microsoft Visual Studio Solution File, Format Version 12.00
# Visual Studio 14
VisualStudioVersion = 14.0.25420.1
MinimumVisualStudioVersion = 10.0.40219.1
Project("{262852C6-CD72-467D-83FE-5EEB1973A190}") = "CordovaGooglePlusDemo", "CordovaGooglePlusDemo\CordovaGooglePlusDemo.jsproj", "{BA8BB5E6-333E-4586-81AE-F3D5288D5C51}"
EndProject
Project("{2150E333-8FDC-42A3-9474-1A3956D46DE8}") = "Solution Items", "Solution Items", "{F90CD45F-3C20-4492-B9DB-0383618305DD}"
	ProjectSection(SolutionItems) = preProject
		ReadMe.txt = ReadMe.txt
	EndProjectSection
EndProject
Global
	GlobalSection(SolutionConfigurationPlatforms) = preSolution
		Debug|Android = Debug|Android
		Debug|iOS = Debug|iOS
		Debug|Windows Phone (Universal) = Debug|Windows Phone (Universal)
		Debug|Windows Phone 8 = Debug|Windows Phone 8
		Debug|Windows-AnyCPU = Debug|Windows-AnyCPU
		Debug|Windows-ARM = Debug|Windows-ARM
		Debug|Windows-x64 = Debug|Windows-x64
		Debug|Windows-x86 = Debug|Windows-x86
		Release|Android = Release|Android
		Release|iOS = Release|iOS
		Release|Windows Phone (Universal) = Release|Windows Phone (Universal)
		Release|Windows Phone 8 = Release|Windows Phone 8
		Release|Windows-AnyCPU = Release|Windows-AnyCPU
		Release|Windows-ARM = Release|Windows-ARM
		Release|Windows-x64 = Release|Windows-x64
		Release|Windows-x86 = Release|Windows-x86
	EndGlobalSection
	GlobalSection(ProjectConfigurationPlatforms) = postSolution
		{BA8BB5E6-333E-4586-81AE-F3D5288D5C51}.Debug|Android.ActiveCfg = Debug|Android
		{BA8BB5E6-333E-4586-81AE-F3D5288D5C51}.Debug|Android.Build.0 = Debug|Android
		{BA8BB5E6-333E-4586-81AE-F3D5288D5C51}.Debug|Android.Deploy.0 = Debug|Android
		{BA8BB5E6-333E-4586-81AE-F3D5288D5C51}.Debug|iOS.ActiveCfg = Debug|iOS
		{BA8BB5E6-333E-4586-81AE-F3D5288D5C51}.Debug|iOS.Build.0 = Debug|iOS
		{BA8BB5E6-333E-4586-81AE-F3D5288D5C51}.Debug|iOS.Deploy.0 = Debug|iOS
		{BA8BB5E6-333E-4586-81AE-F3D5288D5C51}.Debug|Windows Phone (Universal).ActiveCfg = Debug|Windows Phone (Universal)
		{BA8BB5E6-333E-4586-81AE-F3D5288D5C51}.Debug|Windows Phone (Universal).Build.0 = Debug|Windows Phone (Universal)
		{BA8BB5E6-333E-4586-81AE-F3D5288D5C51}.Debug|Windows Phone (Universal).Deploy.0 = Debug|Windows Phone (Universal)
		{BA8BB5E6-333E-4586-81AE-F3D5288D5C51}.Debug|Windows Phone 8.ActiveCfg = Debug|Windows Phone 8
		{BA8BB5E6-333E-4586-81AE-F3D5288D5C51}.Debug|Windows Phone 8.Build.0 = Debug|Windows Phone 8
		{BA8BB5E6-333E-4586-81AE-F3D5288D5C51}.Debug|Windows Phone 8.Deploy.0 = Debug|Windows Phone 8
		{BA8BB5E6-333E-4586-81AE-F3D5288D5C51}.Debug|Windows-AnyCPU.ActiveCfg = Debug|Windows-AnyCPU
		{BA8BB5E6-333E-4586-81AE-F3D5288D5C51}.Debug|Windows-AnyCPU.Build.0 = Debug|Windows-AnyCPU
		{BA8BB5E6-333E-4586-81AE-F3D5288D5C51}.Debug|Windows-AnyCPU.Deploy.0 = Debug|Windows-AnyCPU
		{BA8BB5E6-333E-4586-81AE-F3D5288D5C51}.Debug|Windows-ARM.ActiveCfg = Debug|Windows-ARM
		{BA8BB5E6-333E-4586-81AE-F3D5288D5C51}.Debug|Windows-ARM.Build.0 = Debug|Windows-ARM
		{BA8BB5E6-333E-4586-81AE-F3D5288D5C51}.Debug|Windows-ARM.Deploy.0 = Debug|Windows-ARM
		{BA8BB5E6-333E-4586-81AE-F3D5288D5C51}.Debug|Windows-x64.ActiveCfg = Debug|Windows-x64
		{BA8BB5E6-333E-4586-81AE-F3D5288D5C51}.Debug|Windows-x64.Build.0 = Debug|Windows-x64
		{BA8BB5E6-333E-4586-81AE-F3D5288D5C51}.Debug|Windows-x64.Deploy.0 = Debug|Windows-x64
		{BA8BB5E6-333E-4586-81AE-F3D5288D5C51}.Debug|Windows-x86.ActiveCfg = Debug|Windows-x86
		{BA8BB5E6-333E-4586-81AE-F3D5288D5C51}.Debug|Windows-x86.Build.0 = Debug|Windows-x86
		{BA8BB5E6-333E-4586-81AE-F3D5288D5C51}.Debug|Windows-x86.Deploy.0 = Debug|Windows-x86
		{BA8BB5E6-333E-4586-81AE-F3D5288D5C51}.Release|Android.ActiveCfg = Release|Android
		{BA8BB5E6-333E-4586-81AE-F3D5288D5C51}.Release|Android.Build.0 = Release|Android
		{BA8BB5E6-333E-4586-81AE-F3D5288D5C51}.Release|Android.Deploy.0 = Release|Android
		{BA8BB5E6-333E-4586-81AE-F3D5288D5C51}.Release|iOS.ActiveCfg = Release|iOS
		{BA8BB5E6-333E-4586-81AE-F3D5288D5C51}.Release|iOS.Build.0 = Release|iOS
		{BA8BB5E6-333E-4586-81AE-F3D5288D5C51}.Release|iOS.Deploy.0 = Release|iOS
		{BA8BB5E6-333E-4586-81AE-F3D5288D5C51}.Release|Windows Phone (Universal).ActiveCfg = Release|Windows Phone (Universal)
		{BA8BB5E6-333E-4586-81AE-F3D5288D5C51}.Release|Windows Phone (Universal).Build.0 = Release|Windows Phone (Universal)
		{BA8BB5E6-333E-4586-81AE-F3D5288D5C51}.Release|Windows Phone (Universal).Deploy.0 = Release|Windows Phone (Universal)
		{BA8BB5E6-333E-4586-81AE-F3D5288D5C51}.Release|Windows Phone 8.ActiveCfg = Release|Windows Phone 8
		{BA8BB5E6-333E-4586-81AE-F3D5288D5C51}.Release|Windows Phone 8.Build.0 = Release|Windows Phone 8
		{BA8BB5E6-333E-4586-81AE-F3D5288D5C51}.Release|Windows Phone 8.Deploy.0 = Release|Windows Phone 8
		{BA8BB5E6-333E-4586-81AE-F3D5288D5C51}.Release|Windows-AnyCPU.ActiveCfg = Release|Windows-AnyCPU
		{BA8BB5E6-333E-4586-81AE-F3D5288D5C51}.Release|Windows-AnyCPU.Build.0 = Release|Windows-AnyCPU
		{BA8BB5E6-333E-4586-81AE-F3D5288D5C51}.Release|Windows-AnyCPU.Deploy.0 = Release|Windows-AnyCPU
		{BA8BB5E6-333E-4586-81AE-F3D5288D5C51}.Release|Windows-ARM.ActiveCfg = Release|Windows-ARM
		{BA8BB5E6-333E-4586-81AE-F3D5288D5C51}.Release|Windows-ARM.Build.0 = Release|Windows-ARM
		{BA8BB5E6-333E-4586-81AE-F3D5288D5C51}.Release|Windows-ARM.Deploy.0 = Release|Windows-ARM
		{BA8BB5E6-333E-4586-81AE-F3D5288D5C51}.Release|Windows-x64.ActiveCfg = Release|Windows-x64
		{BA8BB5E6-333E-4586-81AE-F3D5288D5C51}.Release|Windows-x64.Build.0 = Release|Windows-x64
		{BA8BB5E6-333E-4586-81AE-F3D5288D5C51}.Release|Windows-x64.Deploy.0 = Release|Windows-x64
		{BA8BB5E6-333E-4586-81AE-F3D5288D5C51}.Release|Windows-x86.ActiveCfg = Release|Windows-x86
		{BA8BB5E6-333E-4586-81AE-F3D5288D5C51}.Release|Windows-x86.Build.0 = Release|Windows-x86
		{BA8BB5E6-333E-4586-81AE-F3D5288D5C51}.Release|Windows-x86.Deploy.0 = Release|Windows-x86
	EndGlobalSection
	GlobalSection(SolutionProperties) = preSolution
		HideSolutionNode = FALSE
	EndGlobalSection
EndGlobal
